
Microsoft Visual Studio Solution File, Format Version 12.00
# Visual Studio Version 16
VisualStudioVersion = 16.0.30114.105
MinimumVisualStudioVersion = 10.0.40219.1
Project("{FAE04EC0-301F-11D3-BF4B-00C04F79EFBC}") = "Day14_GUIList", "Day14_GUIList\Day14_GUIList.csproj", "{34BEB462-1E74-4E94-923A-32D396BD77CA}"
EndProject
Global
	GlobalSection(SolutionConfigurationPlatforms) = preSolution
		Debug|Any CPU = Debug|Any CPU
		Release|Any CPU = Release|Any CPU
	EndGlobalSection
	GlobalSection(ProjectConfigurationPlatforms) = postSolution
		{34BEB462-1E74-4E94-923A-32D396BD77CA}.Debug|Any CPU.ActiveCfg = Debug|Any CPU
		{34BEB462-1E74-4E94-923A-32D396BD77CA}.Debug|Any CPU.Build.0 = Debug|Any CPU
		{34BEB462-1E74-4E94-923A-32D396BD77CA}.Release|Any CPU.ActiveCfg = Release|Any CPU
		{34BEB462-1E74-4E94-923A-32D396BD77CA}.Release|Any CPU.Build.0 = Release|Any CPU
	EndGlobalSection
	GlobalSection(SolutionProperties) = preSolution
		HideSolutionNode = FALSE
	EndGlobalSection
	GlobalSection(ExtensibilityGlobals) = postSolution
		SolutionGuid = {977ADDA0-6AC0-4D65-B159-86FA32CE5400}
	EndGlobalSection
EndGlobal
