
Microsoft Visual Studio Solution File, Format Version 12.00
# Visual Studio Version 16
VisualStudioVersion = 16.0.30128.74
MinimumVisualStudioVersion = 10.0.40219.1
Project("{FAE04EC0-301F-11D3-BF4B-00C04F79EFBC}") = "Day17_JSON", "Day17_JSON\Day17_JSON.csproj", "{AB8E6C26-824B-41A7-AF61-A3A0BAF687A6}"
EndProject
Global
	GlobalSection(SolutionConfigurationPlatforms) = preSolution
		Debug|Any CPU = Debug|Any CPU
		Release|Any CPU = Release|Any CPU
	EndGlobalSection
	GlobalSection(ProjectConfigurationPlatforms) = postSolution
		{AB8E6C26-824B-41A7-AF61-A3A0BAF687A6}.Debug|Any CPU.ActiveCfg = Debug|Any CPU
		{AB8E6C26-824B-41A7-AF61-A3A0BAF687A6}.Debug|Any CPU.Build.0 = Debug|Any CPU
		{AB8E6C26-824B-41A7-AF61-A3A0BAF687A6}.Release|Any CPU.ActiveCfg = Release|Any CPU
		{AB8E6C26-824B-41A7-AF61-A3A0BAF687A6}.Release|Any CPU.Build.0 = Release|Any CPU
	EndGlobalSection
	GlobalSection(SolutionProperties) = preSolution
		HideSolutionNode = FALSE
	EndGlobalSection
	GlobalSection(ExtensibilityGlobals) = postSolution
		SolutionGuid = {8751C803-4764-4F9B-813D-F9389B2564B3}
	EndGlobalSection
EndGlobal
