
Microsoft Visual Studio Solution File, Format Version 12.00
# Visual Studio Version 16
VisualStudioVersion = 16.0.30011.22
MinimumVisualStudioVersion = 10.0.40219.1
Project("{FAE04EC0-301F-11D3-BF4B-00C04F79EFBC}") = "Day4_LoopsExceptions", "Day4_LoopsExceptions\Day4_LoopsExceptions.csproj", "{B7EB0D8D-9030-419E-A98E-CEAEB6DFCDC6}"
EndProject
Global
	GlobalSection(SolutionConfigurationPlatforms) = preSolution
		Debug|Any CPU = Debug|Any CPU
		Release|Any CPU = Release|Any CPU
	EndGlobalSection
	GlobalSection(ProjectConfigurationPlatforms) = postSolution
		{B7EB0D8D-9030-419E-A98E-CEAEB6DFCDC6}.Debug|Any CPU.ActiveCfg = Debug|Any CPU
		{B7EB0D8D-9030-419E-A98E-CEAEB6DFCDC6}.Debug|Any CPU.Build.0 = Debug|Any CPU
		{B7EB0D8D-9030-419E-A98E-CEAEB6DFCDC6}.Release|Any CPU.ActiveCfg = Release|Any CPU
		{B7EB0D8D-9030-419E-A98E-CEAEB6DFCDC6}.Release|Any CPU.Build.0 = Release|Any CPU
	EndGlobalSection
	GlobalSection(SolutionProperties) = preSolution
		HideSolutionNode = FALSE
	EndGlobalSection
	GlobalSection(ExtensibilityGlobals) = postSolution
		SolutionGuid = {2FFA604F-E054-4FA0-8D82-B6C3EFFA9E1B}
	EndGlobalSection
EndGlobal
