
Microsoft Visual Studio Solution File, Format Version 12.00
# Visual Studio Version 16
VisualStudioVersion = 16.0.30114.105
MinimumVisualStudioVersion = 10.0.40219.1
Project("{FAE04EC0-301F-11D3-BF4B-00C04F79EFBC}") = "Day13_GUI", "Day13_GUI\Day13_GUI.csproj", "{397542C9-F1BE-4719-B706-DBF7D40A56F7}"
EndProject
Global
	GlobalSection(SolutionConfigurationPlatforms) = preSolution
		Debug|Any CPU = Debug|Any CPU
		Release|Any CPU = Release|Any CPU
	EndGlobalSection
	GlobalSection(ProjectConfigurationPlatforms) = postSolution
		{397542C9-F1BE-4719-B706-DBF7D40A56F7}.Debug|Any CPU.ActiveCfg = Debug|Any CPU
		{397542C9-F1BE-4719-B706-DBF7D40A56F7}.Debug|Any CPU.Build.0 = Debug|Any CPU
		{397542C9-F1BE-4719-B706-DBF7D40A56F7}.Release|Any CPU.ActiveCfg = Release|Any CPU
		{397542C9-F1BE-4719-B706-DBF7D40A56F7}.Release|Any CPU.Build.0 = Release|Any CPU
	EndGlobalSection
	GlobalSection(SolutionProperties) = preSolution
		HideSolutionNode = FALSE
	EndGlobalSection
	GlobalSection(ExtensibilityGlobals) = postSolution
		SolutionGuid = {BB43FDF1-5CAE-4C02-9474-D955324FFE1C}
	EndGlobalSection
EndGlobal
