
Microsoft Visual Studio Solution File, Format Version 12.00
# Visual Studio Version 16
VisualStudioVersion = 16.0.30011.22
MinimumVisualStudioVersion = 10.0.40219.1
Project("{FAE04EC0-301F-11D3-BF4B-00C04F79EFBC}") = "Day5_arrays", "Day5_arrays\Day5_arrays.csproj", "{FDBFD792-4F5F-4F65-9677-677951F0BBF5}"
EndProject
Global
	GlobalSection(SolutionConfigurationPlatforms) = preSolution
		Debug|Any CPU = Debug|Any CPU
		Release|Any CPU = Release|Any CPU
	EndGlobalSection
	GlobalSection(ProjectConfigurationPlatforms) = postSolution
		{FDBFD792-4F5F-4F65-9677-677951F0BBF5}.Debug|Any CPU.ActiveCfg = Debug|Any CPU
		{FDBFD792-4F5F-4F65-9677-677951F0BBF5}.Debug|Any CPU.Build.0 = Debug|Any CPU
		{FDBFD792-4F5F-4F65-9677-677951F0BBF5}.Release|Any CPU.ActiveCfg = Release|Any CPU
		{FDBFD792-4F5F-4F65-9677-677951F0BBF5}.Release|Any CPU.Build.0 = Release|Any CPU
	EndGlobalSection
	GlobalSection(SolutionProperties) = preSolution
		HideSolutionNode = FALSE
	EndGlobalSection
	GlobalSection(ExtensibilityGlobals) = postSolution
		SolutionGuid = {0C5D8A38-0587-4980-BD01-49DFA5DADB83}
	EndGlobalSection
EndGlobal
