
Microsoft Visual Studio Solution File, Format Version 12.00
# Visual Studio Version 16
VisualStudioVersion = 16.0.30128.74
MinimumVisualStudioVersion = 10.0.40219.1
Project("{FAE04EC0-301F-11D3-BF4B-00C04F79EFBC}") = "Day21_SQL", "Day21_SQL\Day21_SQL.csproj", "{A557A93F-FE4E-4FFC-9ECF-5E1F00A61730}"
EndProject
Global
	GlobalSection(SolutionConfigurationPlatforms) = preSolution
		Debug|Any CPU = Debug|Any CPU
		Release|Any CPU = Release|Any CPU
	EndGlobalSection
	GlobalSection(ProjectConfigurationPlatforms) = postSolution
		{A557A93F-FE4E-4FFC-9ECF-5E1F00A61730}.Debug|Any CPU.ActiveCfg = Debug|Any CPU
		{A557A93F-FE4E-4FFC-9ECF-5E1F00A61730}.Debug|Any CPU.Build.0 = Debug|Any CPU
		{A557A93F-FE4E-4FFC-9ECF-5E1F00A61730}.Release|Any CPU.ActiveCfg = Release|Any CPU
		{A557A93F-FE4E-4FFC-9ECF-5E1F00A61730}.Release|Any CPU.Build.0 = Release|Any CPU
	EndGlobalSection
	GlobalSection(SolutionProperties) = preSolution
		HideSolutionNode = FALSE
	EndGlobalSection
	GlobalSection(ExtensibilityGlobals) = postSolution
		SolutionGuid = {C8DF9962-F57F-4DE7-A3BF-03328F273FAA}
	EndGlobalSection
EndGlobal
