
Microsoft Visual Studio Solution File, Format Version 12.00
# Visual Studio Version 16
VisualStudioVersion = 16.0.30104.148
MinimumVisualStudioVersion = 10.0.40219.1
Project("{FAE04EC0-301F-11D3-BF4B-00C04F79EFBC}") = "Day10_MD", "Day10_MD\Day10_MD.csproj", "{CC62B720-1229-4F33-84B5-4C7B53F1DA4C}"
EndProject
Global
	GlobalSection(SolutionConfigurationPlatforms) = preSolution
		Debug|Any CPU = Debug|Any CPU
		Release|Any CPU = Release|Any CPU
	EndGlobalSection
	GlobalSection(ProjectConfigurationPlatforms) = postSolution
		{CC62B720-1229-4F33-84B5-4C7B53F1DA4C}.Debug|Any CPU.ActiveCfg = Debug|Any CPU
		{CC62B720-1229-4F33-84B5-4C7B53F1DA4C}.Debug|Any CPU.Build.0 = Debug|Any CPU
		{CC62B720-1229-4F33-84B5-4C7B53F1DA4C}.Release|Any CPU.ActiveCfg = Release|Any CPU
		{CC62B720-1229-4F33-84B5-4C7B53F1DA4C}.Release|Any CPU.Build.0 = Release|Any CPU
	EndGlobalSection
	GlobalSection(SolutionProperties) = preSolution
		HideSolutionNode = FALSE
	EndGlobalSection
	GlobalSection(ExtensibilityGlobals) = postSolution
		SolutionGuid = {6F698342-2572-4C93-AC99-539EAD46D6FA}
	EndGlobalSection
EndGlobal
