
Microsoft Visual Studio Solution File, Format Version 12.00
# Visual Studio Version 16
VisualStudioVersion = 16.0.30104.148
MinimumVisualStudioVersion = 10.0.40219.1
Project("{FAE04EC0-301F-11D3-BF4B-00C04F79EFBC}") = "Day10_Algorithms", "Day10_Algorithms\Day10_Algorithms.csproj", "{D0028668-8B8B-4A73-BC4C-730D22B30ECE}"
EndProject
Global
	GlobalSection(SolutionConfigurationPlatforms) = preSolution
		Debug|Any CPU = Debug|Any CPU
		Release|Any CPU = Release|Any CPU
	EndGlobalSection
	GlobalSection(ProjectConfigurationPlatforms) = postSolution
		{D0028668-8B8B-4A73-BC4C-730D22B30ECE}.Debug|Any CPU.ActiveCfg = Debug|Any CPU
		{D0028668-8B8B-4A73-BC4C-730D22B30ECE}.Debug|Any CPU.Build.0 = Debug|Any CPU
		{D0028668-8B8B-4A73-BC4C-730D22B30ECE}.Release|Any CPU.ActiveCfg = Release|Any CPU
		{D0028668-8B8B-4A73-BC4C-730D22B30ECE}.Release|Any CPU.Build.0 = Release|Any CPU
	EndGlobalSection
	GlobalSection(SolutionProperties) = preSolution
		HideSolutionNode = FALSE
	EndGlobalSection
	GlobalSection(ExtensibilityGlobals) = postSolution
		SolutionGuid = {C36C8F02-17A7-47E9-B22C-525AB4016FE4}
	EndGlobalSection
EndGlobal
