
Microsoft Visual Studio Solution File, Format Version 12.00
# Visual Studio Version 16
VisualStudioVersion = 16.0.30011.22
MinimumVisualStudioVersion = 10.0.40219.1
Project("{FAE04EC0-301F-11D3-BF4B-00C04F79EFBC}") = "Day1_P2", "Day1_P2\Day1_P2.csproj", "{27C56FBD-02BF-4988-A2FF-D26EFD69D771}"
EndProject
Global
	GlobalSection(SolutionConfigurationPlatforms) = preSolution
		Debug|Any CPU = Debug|Any CPU
		Release|Any CPU = Release|Any CPU
	EndGlobalSection
	GlobalSection(ProjectConfigurationPlatforms) = postSolution
		{27C56FBD-02BF-4988-A2FF-D26EFD69D771}.Debug|Any CPU.ActiveCfg = Debug|Any CPU
		{27C56FBD-02BF-4988-A2FF-D26EFD69D771}.Debug|Any CPU.Build.0 = Debug|Any CPU
		{27C56FBD-02BF-4988-A2FF-D26EFD69D771}.Release|Any CPU.ActiveCfg = Release|Any CPU
		{27C56FBD-02BF-4988-A2FF-D26EFD69D771}.Release|Any CPU.Build.0 = Release|Any CPU
	EndGlobalSection
	GlobalSection(SolutionProperties) = preSolution
		HideSolutionNode = FALSE
	EndGlobalSection
	GlobalSection(ExtensibilityGlobals) = postSolution
		SolutionGuid = {C104753C-BCD8-4FBD-AF57-AD2E99BDAF9A}
	EndGlobalSection
EndGlobal
